// !$*UTF8*$!
{
	archiveVersion = 1;
	classes = {
	};
	objectVersion = 63;
	objects = {

/* Begin PBXBuildFile section */
		73DA712D2D57A17200BA8114 /* Colors.xcassets in Resources */ = {isa = PBXBuildFile; fileRef = 73DA712C2D57A17200BA8114 /* Colors.xcassets */; };
		73DA712F2D57A34400BA8114 /* ColorTokens.swift in Sources */ = {isa = PBXBuildFile; fileRef = 73DA712E2D57A34400BA8114 /* ColorTokens.swift */; };
		73DA71312D57A4B000BA8114 /* Icons.xcassets in Resources */ = {isa = PBXBuildFile; fileRef = 73DA71302D57A4B000BA8114 /* Icons.xcassets */; };
		73DA71332D57A4BE00BA8114 /* Assets.xcassets in Resources */ = {isa = PBXBuildFile; fileRef = 73DA71322D57A4BE00BA8114 /* Assets.xcassets */; };
		73DA71AC2D57A9B900BA8114 /* Spacing.swift in Sources */ = {isa = PBXBuildFile; fileRef = 73DA71AA2D57A9B900BA8114 /* Spacing.swift */; };
		73DA71AD2D57A9B900BA8114 /* BorderRadius.swift in Sources */ = {isa = PBXBuildFile; fileRef = 73DA71A72D57A9B900BA8114 /* BorderRadius.swift */; };
		73DA71AE2D57A9B900BA8114 /* BorderWidth.swift in Sources */ = {isa = PBXBuildFile; fileRef = 73DA71A82D57A9B900BA8114 /* BorderWidth.swift */; };
		73DA71B32D57B07900BA8114 /* IconTokens.swift in Sources */ = {isa = PBXBuildFile; fileRef = 73DA71B22D57B07900BA8114 /* IconTokens.swift */; };
		73DA71B52D57B08500BA8114 /* MesurmentsTokens.swift in Sources */ = {isa = PBXBuildFile; fileRef = 73DA71B42D57B08500BA8114 /* MesurmentsTokens.swift */; };
		73DA71B72D57B08E00BA8114 /* TypographyTokens.swift in Sources */ = {isa = PBXBuildFile; fileRef = 73DA71B62D57B08E00BA8114 /* TypographyTokens.swift */; };
		73DA71B92D57B09D00BA8114 /* AssetsTokens.swift in Sources */ = {isa = PBXBuildFile; fileRef = 73DA71B82D57B09D00BA8114 /* AssetsTokens.swift */; };
/* End PBXBuildFile section */

/* Begin PBXFileReference section */
		73DA6FBC2D57941D00BA8114 /* DocDesignSystem.framework */ = {isa = PBXFileReference; explicitFileType = wrapper.framework; includeInIndex = 0; path = DocDesignSystem.framework; sourceTree = BUILT_PRODUCTS_DIR; };
		73DA712C2D57A17200BA8114 /* Colors.xcassets */ = {isa = PBXFileReference; lastKnownFileType = folder.assetcatalog; path = Colors.xcassets; sourceTree = "<group>"; };
		73DA712E2D57A34400BA8114 /* ColorTokens.swift */ = {isa = PBXFileReference; lastKnownFileType = sourcecode.swift; path = ColorTokens.swift; sourceTree = "<group>"; };
		73DA71302D57A4B000BA8114 /* Icons.xcassets */ = {isa = PBXFileReference; lastKnownFileType = folder.assetcatalog; path = Icons.xcassets; sourceTree = "<group>"; };
		73DA71322D57A4BE00BA8114 /* Assets.xcassets */ = {isa = PBXFileReference; lastKnownFileType = folder.assetcatalog; path = Assets.xcassets; sourceTree = "<group>"; };
		73DA71A72D57A9B900BA8114 /* BorderRadius.swift */ = {isa = PBXFileReference; lastKnownFileType = sourcecode.swift; path = BorderRadius.swift; sourceTree = "<group>"; };
		73DA71A82D57A9B900BA8114 /* BorderWidth.swift */ = {isa = PBXFileReference; lastKnownFileType = sourcecode.swift; path = BorderWidth.swift; sourceTree = "<group>"; };
		73DA71AA2D57A9B900BA8114 /* Spacing.swift */ = {isa = PBXFileReference; lastKnownFileType = sourcecode.swift; path = Spacing.swift; sourceTree = "<group>"; };
		73DA71B22D57B07900BA8114 /* IconTokens.swift */ = {isa = PBXFileReference; lastKnownFileType = sourcecode.swift; path = IconTokens.swift; sourceTree = "<group>"; };
		73DA71B42D57B08500BA8114 /* MesurmentsTokens.swift */ = {isa = PBXFileReference; lastKnownFileType = sourcecode.swift; path = MesurmentsTokens.swift; sourceTree = "<group>"; };
		73DA71B62D57B08E00BA8114 /* TypographyTokens.swift */ = {isa = PBXFileReference; lastKnownFileType = sourcecode.swift; path = TypographyTokens.swift; sourceTree = "<group>"; };
		73DA71B82D57B09D00BA8114 /* AssetsTokens.swift */ = {isa = PBXFileReference; lastKnownFileType = sourcecode.swift; path = AssetsTokens.swift; sourceTree = "<group>"; };
/* End PBXFileReference section */

/* Begin PBXFrameworksBuildPhase section */
		73DA6FB92D57941D00BA8114 /* Frameworks */ = {
			isa = PBXFrameworksBuildPhase;
			buildActionMask = 2147483647;
			files = (
			);
			runOnlyForDeploymentPostprocessing = 0;
		};
/* End PBXFrameworksBuildPhase section */

/* Begin PBXGroup section */
		73DA6FB22D57941D00BA8114 = {
			isa = PBXGroup;
			children = (
				73DA6FC82D57943600BA8114 /* DocDesignSystem */,
				73DA6FBD2D57941D00BA8114 /* Products */,
			);
			sourceTree = "<group>";
		};
		73DA6FBD2D57941D00BA8114 /* Products */ = {
			isa = PBXGroup;
			children = (
				73DA6FBC2D57941D00BA8114 /* DocDesignSystem.framework */,
			);
			name = Products;
			sourceTree = "<group>";
		};
		73DA6FC82D57943600BA8114 /* DocDesignSystem */ = {
			isa = PBXGroup;
			children = (
				73DA71242D579ED700BA8114 /* Foundations */,
				73DA71252D579EDD00BA8114 /* Tokens */,
				73DA71262D579EE200BA8114 /* Components */,
			);
			path = DocDesignSystem;
			sourceTree = "<group>";
		};
		73DA71242D579ED700BA8114 /* Foundations */ = {
			isa = PBXGroup;
			children = (
				73DA712B2D57A12C00BA8114 /* Assets */,
				73DA712A2D579F1C00BA8114 /* icons */,
				73DA71292D579F1000BA8114 /* Mesurments */,
				73DA71272D579EFE00BA8114 /* Typography */,
				73DA71282D579F0700BA8114 /* Colors */,
			);
			path = Foundations;
			sourceTree = "<group>";
		};
		73DA71252D579EDD00BA8114 /* Tokens */ = {
			isa = PBXGroup;
			children = (
				73DA712E2D57A34400BA8114 /* ColorTokens.swift */,
				73DA71B22D57B07900BA8114 /* IconTokens.swift */,
				73DA71B42D57B08500BA8114 /* MesurmentsTokens.swift */,
				73DA71B62D57B08E00BA8114 /* TypographyTokens.swift */,
				73DA71B82D57B09D00BA8114 /* AssetsTokens.swift */,
			);
			path = Tokens;
			sourceTree = "<group>";
		};
		73DA71262D579EE200BA8114 /* Components */ = {
			isa = PBXGroup;
			children = (
			);
			path = Components;
			sourceTree = "<group>";
		};
		73DA71272D579EFE00BA8114 /* Typography */ = {
			isa = PBXGroup;
			children = (
			);
			path = Typography;
			sourceTree = "<group>";
		};
		73DA71282D579F0700BA8114 /* Colors */ = {
			isa = PBXGroup;
			children = (
				73DA712C2D57A17200BA8114 /* Colors.xcassets */,
			);
			path = Colors;
			sourceTree = "<group>";
		};
		73DA71292D579F1000BA8114 /* Mesurments */ = {
			isa = PBXGroup;
			children = (
				73DA71A72D57A9B900BA8114 /* BorderRadius.swift */,
				73DA71A82D57A9B900BA8114 /* BorderWidth.swift */,
				73DA71AA2D57A9B900BA8114 /* Spacing.swift */,
			);
			path = Mesurments;
			sourceTree = "<group>";
		};
		73DA712A2D579F1C00BA8114 /* icons */ = {
			isa = PBXGroup;
			children = (
				73DA71302D57A4B000BA8114 /* Icons.xcassets */,
			);
			path = icons;
			sourceTree = "<group>";
		};
		73DA712B2D57A12C00BA8114 /* Assets */ = {
			isa = PBXGroup;
			children = (
				73DA71322D57A4BE00BA8114 /* Assets.xcassets */,
			);
			path = Assets;
			sourceTree = "<group>";
		};
/* End PBXGroup section */

/* Begin PBXHeadersBuildPhase section */
		73DA6FB72D57941D00BA8114 /* Headers */ = {
			isa = PBXHeadersBuildPhase;
			buildActionMask = 2147483647;
			files = (
			);
			runOnlyForDeploymentPostprocessing = 0;
		};
/* End PBXHeadersBuildPhase section */

/* Begin PBXNativeTarget section */
		73DA6FBB2D57941D00BA8114 /* DocDesignSystem */ = {
			isa = PBXNativeTarget;
			buildConfigurationList = 73DA6FC22D57941D00BA8114 /* Build configuration list for PBXNativeTarget "DocDesignSystem" */;
			buildPhases = (
				73DA6FB72D57941D00BA8114 /* Headers */,
				73DA6FB82D57941D00BA8114 /* Sources */,
				73DA6FB92D57941D00BA8114 /* Frameworks */,
				73DA6FBA2D57941D00BA8114 /* Resources */,
			);
			buildRules = (
			);
			dependencies = (
			);
			name = DocDesignSystem;
			packageProductDependencies = (
			);
			productName = DocDesignSystem;
			productReference = 73DA6FBC2D57941D00BA8114 /* DocDesignSystem.framework */;
			productType = "com.apple.product-type.framework";
		};
/* End PBXNativeTarget section */

/* Begin PBXProject section */
		73DA6FB32D57941D00BA8114 /* Project object */ = {
			isa = PBXProject;
			attributes = {
				BuildIndependentTargetsInParallel = 1;
				LastUpgradeCheck = 1600;
				TargetAttributes = {
					73DA6FBB2D57941D00BA8114 = {
						CreatedOnToolsVersion = 16.0;
						LastSwiftMigration = 1600;
					};
				};
			};
			buildConfigurationList = 73DA6FB62D57941D00BA8114 /* Build configuration list for PBXProject "DocDesignSystem" */;
			compatibilityVersion = "Xcode 15.0";
			developmentRegion = en;
			hasScannedForEncodings = 0;
			knownRegions = (
				en,
				Base,
			);
			mainGroup = 73DA6FB22D57941D00BA8114;
			minimizedProjectReferenceProxies = 1;
			productRefGroup = 73DA6FBD2D57941D00BA8114 /* Products */;
			projectDirPath = "";
			projectRoot = "";
			targets = (
				73DA6FBB2D57941D00BA8114 /* DocDesignSystem */,
			);
		};
/* End PBXProject section */

/* Begin PBXResourcesBuildPhase section */
		73DA6FBA2D57941D00BA8114 /* Resources */ = {
			isa = PBXResourcesBuildPhase;
			buildActionMask = 2147483647;
			files = (
				73DA71312D57A4B000BA8114 /* Icons.xcassets in Resources */,
				73DA71332D57A4BE00BA8114 /* Assets.xcassets in Resources */,
				73DA712D2D57A17200BA8114 /* Colors.xcassets in Resources */,
			);
			runOnlyForDeploymentPostprocessing = 0;
		};
/* End PBXResourcesBuildPhase section */

/* Begin PBXSourcesBuildPhase section */
		73DA6FB82D57941D00BA8114 /* Sources */ = {
			isa = PBXSourcesBuildPhase;
			buildActionMask = 2147483647;
			files = (
				73DA71B52D57B08500BA8114 /* MesurmentsTokens.swift in Sources */,
				73DA712F2D57A34400BA8114 /* ColorTokens.swift in Sources */,
				73DA71AC2D57A9B900BA8114 /* Spacing.swift in Sources */,
				73DA71B72D57B08E00BA8114 /* TypographyTokens.swift in Sources */,
				73DA71B92D57B09D00BA8114 /* AssetsTokens.swift in Sources */,
				73DA71B32D57B07900BA8114 /* IconTokens.swift in Sources */,
				73DA71AD2D57A9B900BA8114 /* BorderRadius.swift in Sources */,
				73DA71AE2D57A9B900BA8114 /* BorderWidth.swift in Sources */,
			);
			runOnlyForDeploymentPostprocessing = 0;
		};
/* End PBXSourcesBuildPhase section */

/* Begin XCBuildConfiguration section */
		73DA6FC32D57941D00BA8114 /* Debug */ = {
			isa = XCBuildConfiguration;
			buildSettings = {
				BUILD_LIBRARY_FOR_DISTRIBUTION = YES;
				CLANG_ENABLE_MODULES = YES;
				CODE_SIGN_STYLE = Automatic;
				CURRENT_PROJECT_VERSION = 1;
				DEFINES_MODULE = YES;
				DEVELOPMENT_TEAM = 4U8DMJ33ZN;
				DYLIB_COMPATIBILITY_VERSION = 1;
				DYLIB_CURRENT_VERSION = 1;
				DYLIB_INSTALL_NAME_BASE = "@rpath";
				ENABLE_MODULE_VERIFIER = YES;
				GENERATE_INFOPLIST_FILE = YES;
				INFOPLIST_KEY_NSHumanReadableCopyright = "";
				INSTALL_PATH = "$(LOCAL_LIBRARY_DIR)/Frameworks";
				IPHONEOS_DEPLOYMENT_TARGET = 16.0;
				LD_RUNPATH_SEARCH_PATHS = (
					"$(inherited)",
					"@executable_path/Frameworks",
					"@loader_path/Frameworks",
				);
				MARKETING_VERSION = 1.0;
				MODULE_VERIFIER_SUPPORTED_LANGUAGES = "objective-c objective-c++";
				MODULE_VERIFIER_SUPPORTED_LANGUAGE_STANDARDS = "gnu17 gnu++20";
				PRODUCT_BUNDLE_IDENTIFIER = DocCoc.DocDesignSystem;
				PRODUCT_NAME = "$(TARGET_NAME:c99extidentifier)";
				SKIP_INSTALL = YES;
				SWIFT_EMIT_LOC_STRINGS = YES;
				SWIFT_INSTALL_OBJC_HEADER = NO;
				SWIFT_OPTIMIZATION_LEVEL = "-Onone";
				SWIFT_VERSION = 5.0;
				TARGETED_DEVICE_FAMILY = "1,2";
			};
			name = Debug;
		};
		73DA6FC42D57941D00BA8114 /* Release */ = {
			isa = XCBuildConfiguration;
			buildSettings = {
				BUILD_LIBRARY_FOR_DISTRIBUTION = YES;
				CLANG_ENABLE_MODULES = YES;
				CODE_SIGN_STYLE = Automatic;
				CURRENT_PROJECT_VERSION = 1;
				DEFINES_MODULE = YES;
				DEVELOPMENT_TEAM = 4U8DMJ33ZN;
				DYLIB_COMPATIBILITY_VERSION = 1;
				DYLIB_CURRENT_VERSION = 1;
				DYLIB_INSTALL_NAME_BASE = "@rpath";
				ENABLE_MODULE_VERIFIER = YES;
				GENERATE_INFOPLIST_FILE = YES;
				INFOPLIST_KEY_NSHumanReadableCopyright = "";
				INSTALL_PATH = "$(LOCAL_LIBRARY_DIR)/Frameworks";
				IPHONEOS_DEPLOYMENT_TARGET = 16.0;
				LD_RUNPATH_SEARCH_PATHS = (
					"$(inherited)",
					"@executable_path/Frameworks",
					"@loader_path/Frameworks",
				);
				MARKETING_VERSION = 1.0;
				MODULE_VERIFIER_SUPPORTED_LANGUAGES = "objective-c objective-c++";
				MODULE_VERIFIER_SUPPORTED_LANGUAGE_STANDARDS = "gnu17 gnu++20";
				PRODUCT_BUNDLE_IDENTIFIER = DocCoc.DocDesignSystem;
				PRODUCT_NAME = "$(TARGET_NAME:c99extidentifier)";
				SKIP_INSTALL = YES;
				SWIFT_EMIT_LOC_STRINGS = YES;
				SWIFT_INSTALL_OBJC_HEADER = NO;
				SWIFT_VERSION = 5.0;
				TARGETED_DEVICE_FAMILY = "1,2";
			};
			name = Release;
		};
		73DA6FC52D57941D00BA8114 /* Debug */ = {
			isa = XCBuildConfiguration;
			buildSettings = {
				ALWAYS_SEARCH_USER_PATHS = NO;
				ASSETCATALOG_COMPILER_GENERATE_SWIFT_ASSET_SYMBOL_EXTENSIONS = YES;
				CLANG_ANALYZER_NONNULL = YES;
				CLANG_ANALYZER_NUMBER_OBJECT_CONVERSION = YES_AGGRESSIVE;
				CLANG_CXX_LANGUAGE_STANDARD = "gnu++20";
				CLANG_ENABLE_MODULES = YES;
				CLANG_ENABLE_OBJC_ARC = YES;
				CLANG_ENABLE_OBJC_WEAK = YES;
				CLANG_WARN_BLOCK_CAPTURE_AUTORELEASING = YES;
				CLANG_WARN_BOOL_CONVERSION = YES;
				CLANG_WARN_COMMA = YES;
				CLANG_WARN_CONSTANT_CONVERSION = YES;
				CLANG_WARN_DEPRECATED_OBJC_IMPLEMENTATIONS = YES;
				CLANG_WARN_DIRECT_OBJC_ISA_USAGE = YES_ERROR;
				CLANG_WARN_DOCUMENTATION_COMMENTS = YES;
				CLANG_WARN_EMPTY_BODY = YES;
				CLANG_WARN_ENUM_CONVERSION = YES;
				CLANG_WARN_INFINITE_RECURSION = YES;
				CLANG_WARN_INT_CONVERSION = YES;
				CLANG_WARN_NON_LITERAL_NULL_CONVERSION = YES;
				CLANG_WARN_OBJC_IMPLICIT_RETAIN_SELF = YES;
				CLANG_WARN_OBJC_LITERAL_CONVERSION = YES;
				CLANG_WARN_OBJC_ROOT_CLASS = YES_ERROR;
				CLANG_WARN_QUOTED_INCLUDE_IN_FRAMEWORK_HEADER = YES;
				CLANG_WARN_RANGE_LOOP_ANALYSIS = YES;
				CLANG_WARN_STRICT_PROTOTYPES = YES;
				CLANG_WARN_SUSPICIOUS_MOVE = YES;
				CLANG_WARN_UNGUARDED_AVAILABILITY = YES_AGGRESSIVE;
				CLANG_WARN_UNREACHABLE_CODE = YES;
				CLANG_WARN__DUPLICATE_METHOD_MATCH = YES;
				COPY_PHASE_STRIP = NO;
				CURRENT_PROJECT_VERSION = 1;
				DEBUG_INFORMATION_FORMAT = dwarf;
				ENABLE_STRICT_OBJC_MSGSEND = YES;
				ENABLE_TESTABILITY = YES;
				ENABLE_USER_SCRIPT_SANDBOXING = YES;
				GCC_C_LANGUAGE_STANDARD = gnu17;
				GCC_DYNAMIC_NO_PIC = NO;
				GCC_NO_COMMON_BLOCKS = YES;
				GCC_OPTIMIZATION_LEVEL = 0;
				GCC_PREPROCESSOR_DEFINITIONS = (
					"DEBUG=1",
					"$(inherited)",
				);
				GCC_WARN_64_TO_32_BIT_CONVERSION = YES;
				GCC_WARN_ABOUT_RETURN_TYPE = YES_ERROR;
				GCC_WARN_UNDECLARED_SELECTOR = YES;
				GCC_WARN_UNINITIALIZED_AUTOS = YES_AGGRESSIVE;
				GCC_WARN_UNUSED_FUNCTION = YES;
				GCC_WARN_UNUSED_VARIABLE = YES;
				IPHONEOS_DEPLOYMENT_TARGET = 18.0;
				LOCALIZATION_PREFERS_STRING_CATALOGS = YES;
				MTL_ENABLE_DEBUG_INFO = INCLUDE_SOURCE;
				MTL_FAST_MATH = YES;
				ONLY_ACTIVE_ARCH = YES;
				SDKROOT = iphoneos;
				SWIFT_ACTIVE_COMPILATION_CONDITIONS = "DEBUG $(inherited)";
				SWIFT_OPTIMIZATION_LEVEL = "-Onone";
				VERSIONING_SYSTEM = "apple-generic";
				VERSION_INFO_PREFIX = "";
			};
			name = Debug;
		};
		73DA6FC62D57941D00BA8114 /* Release */ = {
			isa = XCBuildConfiguration;
			buildSettings = {
				ALWAYS_SEARCH_USER_PATHS = NO;
				ASSETCATALOG_COMPILER_GENERATE_SWIFT_ASSET_SYMBOL_EXTENSIONS = YES;
				CLANG_ANALYZER_NONNULL = YES;
				CLANG_ANALYZER_NUMBER_OBJECT_CONVERSION = YES_AGGRESSIVE;
				CLANG_CXX_LANGUAGE_STANDARD = "gnu++20";
				CLANG_ENABLE_MODULES = YES;
				CLANG_ENABLE_OBJC_ARC = YES;
				CLANG_ENABLE_OBJC_WEAK = YES;
				CLANG_WARN_BLOCK_CAPTURE_AUTORELEASING = YES;
				CLANG_WARN_BOOL_CONVERSION = YES;
				CLANG_WARN_COMMA = YES;
				CLANG_WARN_CONSTANT_CONVERSION = YES;
				CLANG_WARN_DEPRECATED_OBJC_IMPLEMENTATIONS = YES;
				CLANG_WARN_DIRECT_OBJC_ISA_USAGE = YES_ERROR;
				CLANG_WARN_DOCUMENTATION_COMMENTS = YES;
				CLANG_WARN_EMPTY_BODY = YES;
				CLANG_WARN_ENUM_CONVERSION = YES;
				CLANG_WARN_INFINITE_RECURSION = YES;
				CLANG_WARN_INT_CONVERSION = YES;
				CLANG_WARN_NON_LITERAL_NULL_CONVERSION = YES;
				CLANG_WARN_OBJC_IMPLICIT_RETAIN_SELF = YES;
				CLANG_WARN_OBJC_LITERAL_CONVERSION = YES;
				CLANG_WARN_OBJC_ROOT_CLASS = YES_ERROR;
				CLANG_WARN_QUOTED_INCLUDE_IN_FRAMEWORK_HEADER = YES;
				CLANG_WARN_RANGE_LOOP_ANALYSIS = YES;
				CLANG_WARN_STRICT_PROTOTYPES = YES;
				CLANG_WARN_SUSPICIOUS_MOVE = YES;
				CLANG_WARN_UNGUARDED_AVAILABILITY = YES_AGGRESSIVE;
				CLANG_WARN_UNREACHABLE_CODE = YES;
				CLANG_WARN__DUPLICATE_METHOD_MATCH = YES;
				COPY_PHASE_STRIP = NO;
				CURRENT_PROJECT_VERSION = 1;
				DEBUG_INFORMATION_FORMAT = "dwarf-with-dsym";
				ENABLE_NS_ASSERTIONS = NO;
				ENABLE_STRICT_OBJC_MSGSEND = YES;
				ENABLE_USER_SCRIPT_SANDBOXING = YES;
				GCC_C_LANGUAGE_STANDARD = gnu17;
				GCC_NO_COMMON_BLOCKS = YES;
				GCC_WARN_64_TO_32_BIT_CONVERSION = YES;
				GCC_WARN_ABOUT_RETURN_TYPE = YES_ERROR;
				GCC_WARN_UNDECLARED_SELECTOR = YES;
				GCC_WARN_UNINITIALIZED_AUTOS = YES_AGGRESSIVE;
				GCC_WARN_UNUSED_FUNCTION = YES;
				GCC_WARN_UNUSED_VARIABLE = YES;
				IPHONEOS_DEPLOYMENT_TARGET = 18.0;
				LOCALIZATION_PREFERS_STRING_CATALOGS = YES;
				MTL_ENABLE_DEBUG_INFO = NO;
				MTL_FAST_MATH = YES;
				SDKROOT = iphoneos;
				SWIFT_COMPILATION_MODE = wholemodule;
				VALIDATE_PRODUCT = YES;
				VERSIONING_SYSTEM = "apple-generic";
				VERSION_INFO_PREFIX = "";
			};
			name = Release;
		};
/* End XCBuildConfiguration section */

/* Begin XCConfigurationList section */
		73DA6FB62D57941D00BA8114 /* Build configuration list for PBXProject "DocDesignSystem" */ = {
			isa = XCConfigurationList;
			buildConfigurations = (
				73DA6FC52D57941D00BA8114 /* Debug */,
				73DA6FC62D57941D00BA8114 /* Release */,
			);
			defaultConfigurationIsVisible = 0;
			defaultConfigurationName = Release;
		};
		73DA6FC22D57941D00BA8114 /* Build configuration list for PBXNativeTarget "DocDesignSystem" */ = {
			isa = XCConfigurationList;
			buildConfigurations = (
				73DA6FC32D57941D00BA8114 /* Debug */,
				73DA6FC42D57941D00BA8114 /* Release */,
			);
			defaultConfigurationIsVisible = 0;
			defaultConfigurationName = Release;
		};
/* End XCConfigurationList section */
	};
	rootObject = 73DA6FB32D57941D00BA8114 /* Project object */;
}
