// !$*UTF8*$!
{
	archiveVersion = 1;
	classes = {
	};
	objectVersion = 60;
	objects = {

/* Begin PBXBuildFile section */
		0E169EA82D7FC3170022654F /* PrimaryIconButton.swift in Sources */ = {isa = PBXBuildFile; fileRef = 0E169EA72D7FC3170022654F /* PrimaryIconButton.swift */; };
		0E169EAA2D7FC7B00022654F /* SocialMediaComponent.swift in Sources */ = {isa = PBXBuildFile; fileRef = 0E169EA92D7FC7B00022654F /* SocialMediaComponent.swift */; };
		0E169EAC2D7FE3810022654F /* Asset.xcassets in Resources */ = {isa = PBXBuildFile; fileRef = 0E169EAB2D7FE3810022654F /* Asset.xcassets */; };
		0ECE174D2D84C88700F623B3 /* BaseThreeHorizontalView.swift in Sources */ = {isa = PBXBuildFile; fileRef = 0ECE174C2D84C88700F623B3 /* BaseThreeHorizontalView.swift */; };
		7324FB1E2D6A6CDE0008B2A5 /* Language.swift in Sources */ = {isa = PBXBuildFile; fileRef = 7324FB1D2D6A6CDE0008B2A5 /* Language.swift */; };
		7324FB202D6A6CFC0008B2A5 /* Language+Layout.swift in Sources */ = {isa = PBXBuildFile; fileRef = 7324FB1F2D6A6CFC0008B2A5 /* Language+Layout.swift */; };
		7324FB222D6A6D1B0008B2A5 /* Language+Bundle.swift in Sources */ = {isa = PBXBuildFile; fileRef = 7324FB212D6A6D1B0008B2A5 /* Language+Bundle.swift */; };
		735DAFC02D6A027C00A95EA5 /* LocalizationSettings.swift in Sources */ = {isa = PBXBuildFile; fileRef = 735DAFBF2D6A027C00A95EA5 /* LocalizationSettings.swift */; };
		735DAFC22D6A02C300A95EA5 /* view+configureLocalization.swift in Sources */ = {isa = PBXBuildFile; fileRef = 735DAFC12D6A02C300A95EA5 /* view+configureLocalization.swift */; };
		735DAFC42D6A032800A95EA5 /* swiftgen_localized.swift in Sources */ = {isa = PBXBuildFile; fileRef = 735DAFC32D6A032800A95EA5 /* swiftgen_localized.swift */; };
		735DAFCB2D6A0B1700A95EA5 /* FM+Padding.swift in Sources */ = {isa = PBXBuildFile; fileRef = 735DAFC92D6A0B1700A95EA5 /* FM+Padding.swift */; };
		735DAFCC2D6A0B1700A95EA5 /* FM+BorderWidth.swift in Sources */ = {isa = PBXBuildFile; fileRef = 735DAFC62D6A0B1700A95EA5 /* FM+BorderWidth.swift */; };
		735DAFCD2D6A0B1700A95EA5 /* FontToken.swift in Sources */ = {isa = PBXBuildFile; fileRef = 735DAFC82D6A0B1700A95EA5 /* FontToken.swift */; };
		735DAFCE2D6A0B1700A95EA5 /* FM+Font.swift in Sources */ = {isa = PBXBuildFile; fileRef = 735DAFC72D6A0B1700A95EA5 /* FM+Font.swift */; };
		735DAFCF2D6A0B1700A95EA5 /* FM+BorderRadius.swift in Sources */ = {isa = PBXBuildFile; fileRef = 735DAFC52D6A0B1700A95EA5 /* FM+BorderRadius.swift */; };
		735DAFD02D6A0B1700A95EA5 /* FM+Spacing.swift in Sources */ = {isa = PBXBuildFile; fileRef = 735DAFCA2D6A0B1700A95EA5 /* FM+Spacing.swift */; };
		735DAFD22D6A44D300A95EA5 /* Text+Font.swift in Sources */ = {isa = PBXBuildFile; fileRef = 735DAFD12D6A44D300A95EA5 /* Text+Font.swift */; };
		735DAFD82D6A56EE00A95EA5 /* DesignSystem+Tokens.swift in Sources */ = {isa = PBXBuildFile; fileRef = 735DAFD72D6A56EE00A95EA5 /* DesignSystem+Tokens.swift */; };
		735DAFDA2D6A573500A95EA5 /* DesignSystem+Foundations.swift in Sources */ = {isa = PBXBuildFile; fileRef = 735DAFD92D6A573500A95EA5 /* DesignSystem+Foundations.swift */; };
		735DAFDE2D6A5EA600A95EA5 /* Localizable.strings in Resources */ = {isa = PBXBuildFile; fileRef = 735DAFDC2D6A5EA600A95EA5 /* Localizable.strings */; };
		735DB0552D6A5FCB00A95EA5 /* Strings+Generated.swift in Sources */ = {isa = PBXBuildFile; fileRef = 735DB0542D6A5FCB00A95EA5 /* Strings+Generated.swift */; };
		73795DF52D732A620038DF24 /* PrimaryButtonStyle.swift in Sources */ = {isa = PBXBuildFile; fileRef = 73795DF42D732A620038DF24 /* PrimaryButtonStyle.swift */; };
		73795F8D2D7336AC0038DF24 /* PrimaryTextField.swift in Sources */ = {isa = PBXBuildFile; fileRef = 73795F8C2D7336AC0038DF24 /* PrimaryTextField.swift */; };
		73795F8F2D733C1F0038DF24 /* EmailTextField.swift in Sources */ = {isa = PBXBuildFile; fileRef = 73795F8E2D733C1F0038DF24 /* EmailTextField.swift */; };
		73795F932D733C670038DF24 /* Authentication.strings in Resources */ = {isa = PBXBuildFile; fileRef = 73795F912D733C670038DF24 /* Authentication.strings */; };
		73795F962D733D7C0038DF24 /* PasswordTextField.swift in Sources */ = {isa = PBXBuildFile; fileRef = 73795F952D733D7C0038DF24 /* PasswordTextField.swift */; };
		7379605B2D733FC20038DF24 /* PhoneTextField.swift in Sources */ = {isa = PBXBuildFile; fileRef = 7379605A2D733FC20038DF24 /* PhoneTextField.swift */; };
		739D1CED2D63D7A9006E2DE3 /* Colors.xcassets in Resources */ = {isa = PBXBuildFile; fileRef = 739D1CEB2D63D7A9006E2DE3 /* Colors.xcassets */; };
		739D1CF92D63D7BB006E2DE3 /* Icons.xcassets in Resources */ = {isa = PBXBuildFile; fileRef = 739D1CF02D63D7BB006E2DE3 /* Icons.xcassets */; };
		739D1CFE2D63D7E5006E2DE3 /* Cairo.ttf in Resources */ = {isa = PBXBuildFile; fileRef = 739D1CFA2D63D7E5006E2DE3 /* Cairo.ttf */; };
		739D1CFF2D63D7E5006E2DE3 /* Inter.ttf in Resources */ = {isa = PBXBuildFile; fileRef = 739D1CFB2D63D7E5006E2DE3 /* Inter.ttf */; };
		739D1D0D2D63D9F2006E2DE3 /* FontFamily.swift in Sources */ = {isa = PBXBuildFile; fileRef = 739D1D0C2D63D9F2006E2DE3 /* FontFamily.swift */; };
		739D1D102D63DA06006E2DE3 /* ios.pdf in Resources */ = {isa = PBXBuildFile; fileRef = 739D1D0F2D63DA06006E2DE3 /* ios.pdf */; };
		739D1D122D63DA3D006E2DE3 /* Files+Generated.swift in Sources */ = {isa = PBXBuildFile; fileRef = 739D1D112D63DA3D006E2DE3 /* Files+Generated.swift */; };
		739D1D192D63DA68006E2DE3 /* AssetsTokens.swift in Sources */ = {isa = PBXBuildFile; fileRef = 739D1D132D63DA68006E2DE3 /* AssetsTokens.swift */; };
		739D1D1A2D63DA68006E2DE3 /* FontConvertible+.swift in Sources */ = {isa = PBXBuildFile; fileRef = 739D1D172D63DA68006E2DE3 /* FontConvertible+.swift */; };
		739D1D1B2D63DA68006E2DE3 /* ColorTokens.swift in Sources */ = {isa = PBXBuildFile; fileRef = 739D1D142D63DA68006E2DE3 /* ColorTokens.swift */; };
		739D1D1C2D63DA68006E2DE3 /* IconTokens.swift in Sources */ = {isa = PBXBuildFile; fileRef = 739D1D152D63DA68006E2DE3 /* IconTokens.swift */; };
		739D1D922D63DED4006E2DE3 /* DesignSystem.swift in Sources */ = {isa = PBXBuildFile; fileRef = 739D1D912D63DED4006E2DE3 /* DesignSystem.swift */; };
		739D1D952D63E533006E2DE3 /* TM+Heights.swift in Sources */ = {isa = PBXBuildFile; fileRef = 739D1D942D63E533006E2DE3 /* TM+Heights.swift */; };
/* End PBXBuildFile section */

/* Begin PBXFileReference section */
		0E169EA72D7FC3170022654F /* PrimaryIconButton.swift */ = {isa = PBXFileReference; lastKnownFileType = sourcecode.swift; path = PrimaryIconButton.swift; sourceTree = "<group>"; };
		0E169EA92D7FC7B00022654F /* SocialMediaComponent.swift */ = {isa = PBXFileReference; lastKnownFileType = sourcecode.swift; path = SocialMediaComponent.swift; sourceTree = "<group>"; };
		0E169EAB2D7FE3810022654F /* Asset.xcassets */ = {isa = PBXFileReference; lastKnownFileType = folder.assetcatalog; path = Asset.xcassets; sourceTree = "<group>"; };
		0ECE174C2D84C88700F623B3 /* BaseThreeHorizontalView.swift */ = {isa = PBXFileReference; lastKnownFileType = sourcecode.swift; path = BaseThreeHorizontalView.swift; sourceTree = "<group>"; };
		7324FB1D2D6A6CDE0008B2A5 /* Language.swift */ = {isa = PBXFileReference; lastKnownFileType = sourcecode.swift; path = Language.swift; sourceTree = "<group>"; };
		7324FB1F2D6A6CFC0008B2A5 /* Language+Layout.swift */ = {isa = PBXFileReference; lastKnownFileType = sourcecode.swift; path = "Language+Layout.swift"; sourceTree = "<group>"; };
		7324FB212D6A6D1B0008B2A5 /* Language+Bundle.swift */ = {isa = PBXFileReference; lastKnownFileType = sourcecode.swift; path = "Language+Bundle.swift"; sourceTree = "<group>"; };
		735DAFBF2D6A027C00A95EA5 /* LocalizationSettings.swift */ = {isa = PBXFileReference; lastKnownFileType = sourcecode.swift; path = LocalizationSettings.swift; sourceTree = "<group>"; };
		735DAFC12D6A02C300A95EA5 /* view+configureLocalization.swift */ = {isa = PBXFileReference; lastKnownFileType = sourcecode.swift; path = "view+configureLocalization.swift"; sourceTree = "<group>"; };
		735DAFC32D6A032800A95EA5 /* swiftgen_localized.swift */ = {isa = PBXFileReference; lastKnownFileType = sourcecode.swift; path = swiftgen_localized.swift; sourceTree = "<group>"; };
		735DAFC52D6A0B1700A95EA5 /* FM+BorderRadius.swift */ = {isa = PBXFileReference; lastKnownFileType = sourcecode.swift; path = "FM+BorderRadius.swift"; sourceTree = "<group>"; };
		735DAFC62D6A0B1700A95EA5 /* FM+BorderWidth.swift */ = {isa = PBXFileReference; lastKnownFileType = sourcecode.swift; path = "FM+BorderWidth.swift"; sourceTree = "<group>"; };
		735DAFC72D6A0B1700A95EA5 /* FM+Font.swift */ = {isa = PBXFileReference; lastKnownFileType = sourcecode.swift; path = "FM+Font.swift"; sourceTree = "<group>"; };
		735DAFC82D6A0B1700A95EA5 /* FontToken.swift */ = {isa = PBXFileReference; lastKnownFileType = sourcecode.swift; path = FontToken.swift; sourceTree = "<group>"; };
		735DAFC92D6A0B1700A95EA5 /* FM+Padding.swift */ = {isa = PBXFileReference; lastKnownFileType = sourcecode.swift; path = "FM+Padding.swift"; sourceTree = "<group>"; };
		735DAFCA2D6A0B1700A95EA5 /* FM+Spacing.swift */ = {isa = PBXFileReference; lastKnownFileType = sourcecode.swift; path = "FM+Spacing.swift"; sourceTree = "<group>"; };
		735DAFD12D6A44D300A95EA5 /* Text+Font.swift */ = {isa = PBXFileReference; lastKnownFileType = sourcecode.swift; path = "Text+Font.swift"; sourceTree = "<group>"; };
		735DAFD72D6A56EE00A95EA5 /* DesignSystem+Tokens.swift */ = {isa = PBXFileReference; lastKnownFileType = sourcecode.swift; path = "DesignSystem+Tokens.swift"; sourceTree = "<group>"; };
		735DAFD92D6A573500A95EA5 /* DesignSystem+Foundations.swift */ = {isa = PBXFileReference; lastKnownFileType = sourcecode.swift; path = "DesignSystem+Foundations.swift"; sourceTree = "<group>"; };
		735DAFDD2D6A5EA600A95EA5 /* en */ = {isa = PBXFileReference; lastKnownFileType = text.plist.strings; name = en; path = en.lproj/Localizable.strings; sourceTree = "<group>"; };
		735DAFDF2D6A5EB500A95EA5 /* ar */ = {isa = PBXFileReference; lastKnownFileType = text.plist.strings; name = ar; path = ar.lproj/Localizable.strings; sourceTree = "<group>"; };
		735DB0542D6A5FCB00A95EA5 /* Strings+Generated.swift */ = {isa = PBXFileReference; lastKnownFileType = sourcecode.swift; path = "Strings+Generated.swift"; sourceTree = "<group>"; };
		73795DF42D732A620038DF24 /* PrimaryButtonStyle.swift */ = {isa = PBXFileReference; lastKnownFileType = sourcecode.swift; path = PrimaryButtonStyle.swift; sourceTree = "<group>"; };
		73795F8C2D7336AC0038DF24 /* PrimaryTextField.swift */ = {isa = PBXFileReference; lastKnownFileType = sourcecode.swift; path = PrimaryTextField.swift; sourceTree = "<group>"; };
		73795F8E2D733C1F0038DF24 /* EmailTextField.swift */ = {isa = PBXFileReference; lastKnownFileType = sourcecode.swift; path = EmailTextField.swift; sourceTree = "<group>"; };
		73795F922D733C670038DF24 /* en */ = {isa = PBXFileReference; lastKnownFileType = text.plist.strings; name = en; path = en.lproj/Authentication.strings; sourceTree = "<group>"; };
		73795F942D733C6B0038DF24 /* ar */ = {isa = PBXFileReference; lastKnownFileType = text.plist.strings; name = ar; path = ar.lproj/Authentication.strings; sourceTree = "<group>"; };
		73795F952D733D7C0038DF24 /* PasswordTextField.swift */ = {isa = PBXFileReference; lastKnownFileType = sourcecode.swift; path = PasswordTextField.swift; sourceTree = "<group>"; };
		7379605A2D733FC20038DF24 /* PhoneTextField.swift */ = {isa = PBXFileReference; lastKnownFileType = sourcecode.swift; path = PhoneTextField.swift; sourceTree = "<group>"; };
		739D1CEB2D63D7A9006E2DE3 /* Colors.xcassets */ = {isa = PBXFileReference; lastKnownFileType = folder.assetcatalog; path = Colors.xcassets; sourceTree = "<group>"; };
		739D1CF02D63D7BB006E2DE3 /* Icons.xcassets */ = {isa = PBXFileReference; lastKnownFileType = folder.assetcatalog; path = Icons.xcassets; sourceTree = "<group>"; };
		739D1CFA2D63D7E5006E2DE3 /* Cairo.ttf */ = {isa = PBXFileReference; lastKnownFileType = file; path = Cairo.ttf; sourceTree = "<group>"; };
		739D1CFB2D63D7E5006E2DE3 /* Inter.ttf */ = {isa = PBXFileReference; lastKnownFileType = file; path = Inter.ttf; sourceTree = "<group>"; };
		739D1D0C2D63D9F2006E2DE3 /* FontFamily.swift */ = {isa = PBXFileReference; lastKnownFileType = sourcecode.swift; path = FontFamily.swift; sourceTree = "<group>"; };
		739D1D0F2D63DA06006E2DE3 /* ios.pdf */ = {isa = PBXFileReference; lastKnownFileType = image.pdf; path = ios.pdf; sourceTree = "<group>"; };
		739D1D112D63DA3D006E2DE3 /* Files+Generated.swift */ = {isa = PBXFileReference; lastKnownFileType = sourcecode.swift; path = "Files+Generated.swift"; sourceTree = "<group>"; };
		739D1D132D63DA68006E2DE3 /* AssetsTokens.swift */ = {isa = PBXFileReference; lastKnownFileType = sourcecode.swift; path = AssetsTokens.swift; sourceTree = "<group>"; };
		739D1D142D63DA68006E2DE3 /* ColorTokens.swift */ = {isa = PBXFileReference; lastKnownFileType = sourcecode.swift; path = ColorTokens.swift; sourceTree = "<group>"; };
		739D1D152D63DA68006E2DE3 /* IconTokens.swift */ = {isa = PBXFileReference; lastKnownFileType = sourcecode.swift; path = IconTokens.swift; sourceTree = "<group>"; };
		739D1D172D63DA68006E2DE3 /* FontConvertible+.swift */ = {isa = PBXFileReference; lastKnownFileType = sourcecode.swift; path = "FontConvertible+.swift"; sourceTree = "<group>"; };
		739D1D912D63DED4006E2DE3 /* DesignSystem.swift */ = {isa = PBXFileReference; lastKnownFileType = sourcecode.swift; path = DesignSystem.swift; sourceTree = "<group>"; };
		739D1D942D63E533006E2DE3 /* TM+Heights.swift */ = {isa = PBXFileReference; lastKnownFileType = sourcecode.swift; path = "TM+Heights.swift"; sourceTree = "<group>"; };
		73C688022D63D23000F91C06 /* swiftgen.yml */ = {isa = PBXFileReference; lastKnownFileType = text.yaml; path = swiftgen.yml; sourceTree = "<group>"; };
		73DA6FBC2D57941D00BA8114 /* DocDesignSystem.framework */ = {isa = PBXFileReference; explicitFileType = wrapper.framework; includeInIndex = 0; path = DocDesignSystem.framework; sourceTree = BUILT_PRODUCTS_DIR; };
/* End PBXFileReference section */

/* Begin PBXFrameworksBuildPhase section */
		73DA6FB92D57941D00BA8114 /* Frameworks */ = {
			isa = PBXFrameworksBuildPhase;
			buildActionMask = 2147483647;
			files = (
			);
			runOnlyForDeploymentPostprocessing = 0;
		};
/* End PBXFrameworksBuildPhase section */

/* Begin PBXGroup section */
		0E169EA62D7FC2E10022654F /* IconButton */ = {
			isa = PBXGroup;
			children = (
				0E169EA72D7FC3170022654F /* PrimaryIconButton.swift */,
			);
			path = IconButton;
			sourceTree = "<group>";
		};
		0ECE174A2D84C78700F623B3 /* SocailMedia */ = {
			isa = PBXGroup;
			children = (
				0E169EA92D7FC7B00022654F /* SocialMediaComponent.swift */,
			);
			path = SocailMedia;
			sourceTree = "<group>";
		};
		0ECE174B2D84C7D700F623B3 /* BaseThreehorizontallyView */ = {
			isa = PBXGroup;
			children = (
				0ECE174C2D84C88700F623B3 /* BaseThreeHorizontalView.swift */,
			);
			path = BaseThreehorizontallyView;
			sourceTree = "<group>";
		};
		7324FB1C2D6A6CCF0008B2A5 /* Language */ = {
			isa = PBXGroup;
			children = (
				7324FB1D2D6A6CDE0008B2A5 /* Language.swift */,
				7324FB1F2D6A6CFC0008B2A5 /* Language+Layout.swift */,
				7324FB212D6A6D1B0008B2A5 /* Language+Bundle.swift */,
			);
			path = Language;
			sourceTree = "<group>";
		};
		735DAFBC2D6A025F00A95EA5 /* Localization */ = {
			isa = PBXGroup;
			children = (
				735DAFDB2D6A5E9800A95EA5 /* StringFiles */,
				7324FB1C2D6A6CCF0008B2A5 /* Language */,
				735DAFC12D6A02C300A95EA5 /* view+configureLocalization.swift */,
				735DAFBF2D6A027C00A95EA5 /* LocalizationSettings.swift */,
			);
			path = Localization;
			sourceTree = "<group>";
		};
		735DAFDB2D6A5E9800A95EA5 /* StringFiles */ = {
			isa = PBXGroup;
			children = (
				73795F902D733C510038DF24 /* Authentication */,
				735DB0532D6A5F9400A95EA5 /* Localizable */,
				735DB0542D6A5FCB00A95EA5 /* Strings+Generated.swift */,
				735DAFC32D6A032800A95EA5 /* swiftgen_localized.swift */,
			);
			path = StringFiles;
			sourceTree = "<group>";
		};
		735DB0532D6A5F9400A95EA5 /* Localizable */ = {
			isa = PBXGroup;
			children = (
				735DAFDC2D6A5EA600A95EA5 /* Localizable.strings */,
			);
			path = Localizable;
			sourceTree = "<group>";
		};
		73795D2F2D731D3F0038DF24 /* Text */ = {
			isa = PBXGroup;
			children = (
				735DAFD12D6A44D300A95EA5 /* Text+Font.swift */,
			);
			path = Text;
			sourceTree = "<group>";
		};
		73795DF32D732A4C0038DF24 /* Buttons */ = {
			isa = PBXGroup;
			children = (
				73795DF42D732A620038DF24 /* PrimaryButtonStyle.swift */,
			);
			path = Buttons;
			sourceTree = "<group>";
		};
		73795F8B2D7336A70038DF24 /* TextFields */ = {
			isa = PBXGroup;
			children = (
				73795F8C2D7336AC0038DF24 /* PrimaryTextField.swift */,
				73795F8E2D733C1F0038DF24 /* EmailTextField.swift */,
				73795F952D733D7C0038DF24 /* PasswordTextField.swift */,
				7379605A2D733FC20038DF24 /* PhoneTextField.swift */,
			);
			path = TextFields;
			sourceTree = "<group>";
		};
		73795F902D733C510038DF24 /* Authentication */ = {
			isa = PBXGroup;
			children = (
				73795F912D733C670038DF24 /* Authentication.strings */,
			);
			path = Authentication;
			sourceTree = "<group>";
		};
		739D1CEA2D63D7A9006E2DE3 /* Assets */ = {
			isa = PBXGroup;
			children = (
				0E169EAB2D7FE3810022654F /* Asset.xcassets */,
			);
			path = Assets;
			sourceTree = "<group>";
		};
		739D1CEC2D63D7A9006E2DE3 /* Colors */ = {
			isa = PBXGroup;
			children = (
				739D1CEB2D63D7A9006E2DE3 /* Colors.xcassets */,
			);
			path = Colors;
			sourceTree = "<group>";
		};
		739D1CF12D63D7BB006E2DE3 /* icons */ = {
			isa = PBXGroup;
			children = (
				739D1CF02D63D7BB006E2DE3 /* Icons.xcassets */,
			);
			path = icons;
			sourceTree = "<group>";
		};
		739D1CFC2D63D7E5006E2DE3 /* Fonts */ = {
			isa = PBXGroup;
			children = (
				739D1CFA2D63D7E5006E2DE3 /* Cairo.ttf */,
				739D1CFB2D63D7E5006E2DE3 /* Inter.ttf */,
			);
			path = Fonts;
			sourceTree = "<group>";
		};
		739D1CFD2D63D7E5006E2DE3 /* Typography */ = {
			isa = PBXGroup;
			children = (
				739D1D0C2D63D9F2006E2DE3 /* FontFamily.swift */,
				739D1CFC2D63D7E5006E2DE3 /* Fonts */,
			);
			path = Typography;
			sourceTree = "<group>";
		};
		739D1D082D63D9C7006E2DE3 /* Mesurments */ = {
			isa = PBXGroup;
			children = (
				735DAFC52D6A0B1700A95EA5 /* FM+BorderRadius.swift */,
				735DAFC62D6A0B1700A95EA5 /* FM+BorderWidth.swift */,
				735DAFC72D6A0B1700A95EA5 /* FM+Font.swift */,
				735DAFC92D6A0B1700A95EA5 /* FM+Padding.swift */,
				735DAFCA2D6A0B1700A95EA5 /* FM+Spacing.swift */,
			);
			path = Mesurments;
			sourceTree = "<group>";
		};
		739D1D0E2D63D9FC006E2DE3 /* Files */ = {
			isa = PBXGroup;
			children = (
				739D1D112D63DA3D006E2DE3 /* Files+Generated.swift */,
				739D1D0F2D63DA06006E2DE3 /* ios.pdf */,
			);
			path = Files;
			sourceTree = "<group>";
		};
		739D1D182D63DA68006E2DE3 /* Tokens */ = {
			isa = PBXGroup;
			children = (
				735DAFD72D6A56EE00A95EA5 /* DesignSystem+Tokens.swift */,
				739D1D142D63DA68006E2DE3 /* ColorTokens.swift */,
				739D1D132D63DA68006E2DE3 /* AssetsTokens.swift */,
				739D1D152D63DA68006E2DE3 /* IconTokens.swift */,
				735DAFC82D6A0B1700A95EA5 /* FontToken.swift */,
				739D1D172D63DA68006E2DE3 /* FontConvertible+.swift */,
				739D1D932D63E50A006E2DE3 /* Mesurments */,
			);
			path = Tokens;
			sourceTree = "<group>";
		};
		739D1D932D63E50A006E2DE3 /* Mesurments */ = {
			isa = PBXGroup;
			children = (
				739D1D942D63E533006E2DE3 /* TM+Heights.swift */,
			);
			path = Mesurments;
			sourceTree = "<group>";
		};
		73DA6FB22D57941D00BA8114 = {
			isa = PBXGroup;
			children = (
				73C688022D63D23000F91C06 /* swiftgen.yml */,
				73DA6FC82D57943600BA8114 /* DocDesignSystem */,
				73DA6FBD2D57941D00BA8114 /* Products */,
			);
			sourceTree = "<group>";
		};
		73DA6FBD2D57941D00BA8114 /* Products */ = {
			isa = PBXGroup;
			children = (
				73DA6FBC2D57941D00BA8114 /* DocDesignSystem.framework */,
			);
			name = Products;
			sourceTree = "<group>";
		};
		73DA6FC82D57943600BA8114 /* DocDesignSystem */ = {
			isa = PBXGroup;
			children = (
				739D1D912D63DED4006E2DE3 /* DesignSystem.swift */,
				73DA71242D579ED700BA8114 /* Foundations */,
				739D1D182D63DA68006E2DE3 /* Tokens */,
				735DAFBC2D6A025F00A95EA5 /* Localization */,
				73DA71262D579EE200BA8114 /* Components */,
			);
			path = DocDesignSystem;
			sourceTree = "<group>";
		};
		73DA71242D579ED700BA8114 /* Foundations */ = {
			isa = PBXGroup;
			children = (
				735DAFD92D6A573500A95EA5 /* DesignSystem+Foundations.swift */,
				739D1D0E2D63D9FC006E2DE3 /* Files */,
				739D1CF12D63D7BB006E2DE3 /* icons */,
				739D1CEA2D63D7A9006E2DE3 /* Assets */,
				739D1CEC2D63D7A9006E2DE3 /* Colors */,
				739D1D082D63D9C7006E2DE3 /* Mesurments */,
				739D1CFD2D63D7E5006E2DE3 /* Typography */,
			);
			path = Foundations;
			sourceTree = "<group>";
		};
		73DA71262D579EE200BA8114 /* Components */ = {
			isa = PBXGroup;
			children = (
				0ECE174B2D84C7D700F623B3 /* BaseThreehorizontallyView */,
				0ECE174A2D84C78700F623B3 /* SocailMedia */,
				0E169EA62D7FC2E10022654F /* IconButton */,
				73795F8B2D7336A70038DF24 /* TextFields */,
				73795DF32D732A4C0038DF24 /* Buttons */,
				73795D2F2D731D3F0038DF24 /* Text */,
			);
			path = Components;
			sourceTree = "<group>";
		};
/* End PBXGroup section */

/* Begin PBXHeadersBuildPhase section */
		73DA6FB72D57941D00BA8114 /* Headers */ = {
			isa = PBXHeadersBuildPhase;
			buildActionMask = 2147483647;
			files = (
			);
			runOnlyForDeploymentPostprocessing = 0;
		};
/* End PBXHeadersBuildPhase section */

/* Begin PBXNativeTarget section */
		73DA6FBB2D57941D00BA8114 /* DocDesignSystem */ = {
			isa = PBXNativeTarget;
			buildConfigurationList = 73DA6FC22D57941D00BA8114 /* Build configuration list for PBXNativeTarget "DocDesignSystem" */;
			buildPhases = (
				739D1D002D63D7EF006E2DE3 /* ShellScript */,
				73DA6FB72D57941D00BA8114 /* Headers */,
				73DA6FB82D57941D00BA8114 /* Sources */,
				73DA6FB92D57941D00BA8114 /* Frameworks */,
				73DA6FBA2D57941D00BA8114 /* Resources */,
			);
			buildRules = (
			);
			dependencies = (
			);
			name = DocDesignSystem;
			packageProductDependencies = (
			);
			productName = DocDesignSystem;
			productReference = 73DA6FBC2D57941D00BA8114 /* DocDesignSystem.framework */;
			productType = "com.apple.product-type.framework";
		};
/* End PBXNativeTarget section */

/* Begin PBXProject section */
		73DA6FB32D57941D00BA8114 /* Project object */ = {
			isa = PBXProject;
			attributes = {
				BuildIndependentTargetsInParallel = 1;
				LastUpgradeCheck = 1600;
				TargetAttributes = {
					73DA6FBB2D57941D00BA8114 = {
						CreatedOnToolsVersion = 16.0;
						LastSwiftMigration = 1620;
					};
				};
			};
			buildConfigurationList = 73DA6FB62D57941D00BA8114 /* Build configuration list for PBXProject "DocDesignSystem" */;
			compatibilityVersion = "Xcode 15.0";
			developmentRegion = en;
			hasScannedForEncodings = 0;
			knownRegions = (
				en,
				Base,
				ar,
			);
			mainGroup = 73DA6FB22D57941D00BA8114;
			productRefGroup = 73DA6FBD2D57941D00BA8114 /* Products */;
			projectDirPath = "";
			projectRoot = "";
			targets = (
				73DA6FBB2D57941D00BA8114 /* DocDesignSystem */,
			);
		};
/* End PBXProject section */

/* Begin PBXResourcesBuildPhase section */
		73DA6FBA2D57941D00BA8114 /* Resources */ = {
			isa = PBXResourcesBuildPhase;
			buildActionMask = 2147483647;
			files = (
				739D1CED2D63D7A9006E2DE3 /* Colors.xcassets in Resources */,
				739D1CF92D63D7BB006E2DE3 /* Icons.xcassets in Resources */,
				0E169EAC2D7FE3810022654F /* Asset.xcassets in Resources */,
				739D1CFE2D63D7E5006E2DE3 /* Cairo.ttf in Resources */,
				735DAFDE2D6A5EA600A95EA5 /* Localizable.strings in Resources */,
				739D1CFF2D63D7E5006E2DE3 /* Inter.ttf in Resources */,
				73795F932D733C670038DF24 /* Authentication.strings in Resources */,
				739D1D102D63DA06006E2DE3 /* ios.pdf in Resources */,
			);
			runOnlyForDeploymentPostprocessing = 0;
		};
/* End PBXResourcesBuildPhase section */

/* Begin PBXShellScriptBuildPhase section */
		739D1D002D63D7EF006E2DE3 /* ShellScript */ = {
			isa = PBXShellScriptBuildPhase;
			alwaysOutOfDate = 1;
			buildActionMask = 2147483647;
			files = (
			);
			inputFileListPaths = (
			);
			inputPaths = (
			);
			outputFileListPaths = (
			);
			outputPaths = (
			);
			runOnlyForDeploymentPostprocessing = 0;
			shellPath = /bin/sh;
			shellScript = "# Type a script or drag a script file from your workspace to insert its path.\nexport PATH=\"$PATH:/opt/homebrew/bin\"\nif which swiftgen >/dev/null; then\n  swiftgen\nelse\n  echo \"swiftgen not installed\"\nfi \n\n";
		};
/* End PBXShellScriptBuildPhase section */

/* Begin PBXSourcesBuildPhase section */
		73DA6FB82D57941D00BA8114 /* Sources */ = {
			isa = PBXSourcesBuildPhase;
			buildActionMask = 2147483647;
			files = (
				7324FB222D6A6D1B0008B2A5 /* Language+Bundle.swift in Sources */,
				739D1D122D63DA3D006E2DE3 /* Files+Generated.swift in Sources */,
				73795F962D733D7C0038DF24 /* PasswordTextField.swift in Sources */,
				735DAFDA2D6A573500A95EA5 /* DesignSystem+Foundations.swift in Sources */,
				739D1D0D2D63D9F2006E2DE3 /* FontFamily.swift in Sources */,
				739D1D192D63DA68006E2DE3 /* AssetsTokens.swift in Sources */,
				73795F8F2D733C1F0038DF24 /* EmailTextField.swift in Sources */,
				739D1D1A2D63DA68006E2DE3 /* FontConvertible+.swift in Sources */,
				73795DF52D732A620038DF24 /* PrimaryButtonStyle.swift in Sources */,
				735DAFC42D6A032800A95EA5 /* swiftgen_localized.swift in Sources */,
				73795F8D2D7336AC0038DF24 /* PrimaryTextField.swift in Sources */,
				0E169EAA2D7FC7B00022654F /* SocialMediaComponent.swift in Sources */,
				735DAFD22D6A44D300A95EA5 /* Text+Font.swift in Sources */,
				739D1D1B2D63DA68006E2DE3 /* ColorTokens.swift in Sources */,
				735DAFCB2D6A0B1700A95EA5 /* FM+Padding.swift in Sources */,
				735DAFCC2D6A0B1700A95EA5 /* FM+BorderWidth.swift in Sources */,
				0ECE174D2D84C88700F623B3 /* BaseThreeHorizontalView.swift in Sources */,
				0E169EA82D7FC3170022654F /* PrimaryIconButton.swift in Sources */,
				735DB0552D6A5FCB00A95EA5 /* Strings+Generated.swift in Sources */,
				735DAFCD2D6A0B1700A95EA5 /* FontToken.swift in Sources */,
				735DAFD82D6A56EE00A95EA5 /* DesignSystem+Tokens.swift in Sources */,
				7324FB202D6A6CFC0008B2A5 /* Language+Layout.swift in Sources */,
				735DAFCE2D6A0B1700A95EA5 /* FM+Font.swift in Sources */,
				735DAFCF2D6A0B1700A95EA5 /* FM+BorderRadius.swift in Sources */,
				735DAFD02D6A0B1700A95EA5 /* FM+Spacing.swift in Sources */,
				739D1D1C2D63DA68006E2DE3 /* IconTokens.swift in Sources */,
				739D1D922D63DED4006E2DE3 /* DesignSystem.swift in Sources */,
				739D1D952D63E533006E2DE3 /* TM+Heights.swift in Sources */,
				735DAFC22D6A02C300A95EA5 /* view+configureLocalization.swift in Sources */,
				7324FB1E2D6A6CDE0008B2A5 /* Language.swift in Sources */,
				7379605B2D733FC20038DF24 /* PhoneTextField.swift in Sources */,
				735DAFC02D6A027C00A95EA5 /* LocalizationSettings.swift in Sources */,
			);
			runOnlyForDeploymentPostprocessing = 0;
		};
/* End PBXSourcesBuildPhase section */

/* Begin PBXVariantGroup section */
		735DAFDC2D6A5EA600A95EA5 /* Localizable.strings */ = {
			isa = PBXVariantGroup;
			children = (
				735DAFDD2D6A5EA600A95EA5 /* en */,
				735DAFDF2D6A5EB500A95EA5 /* ar */,
			);
			name = Localizable.strings;
			sourceTree = "<group>";
		};
		73795F912D733C670038DF24 /* Authentication.strings */ = {
			isa = PBXVariantGroup;
			children = (
				73795F922D733C670038DF24 /* en */,
				73795F942D733C6B0038DF24 /* ar */,
			);
			name = Authentication.strings;
			sourceTree = "<group>";
		};
/* End PBXVariantGroup section */

/* Begin XCBuildConfiguration section */
		73DA6FC32D57941D00BA8114 /* Debug */ = {
			isa = XCBuildConfiguration;
			buildSettings = {
				BUILD_LIBRARY_FOR_DISTRIBUTION = NO;
				CLANG_ENABLE_MODULES = YES;
				CODE_SIGN_IDENTITY = "Apple Development";
				CODE_SIGN_STYLE = Automatic;
				CURRENT_PROJECT_VERSION = 1;
				DEFINES_MODULE = YES;
				DEVELOPMENT_TEAM = AWKSB6YK6X;
				DYLIB_COMPATIBILITY_VERSION = 1;
				DYLIB_CURRENT_VERSION = 1;
				DYLIB_INSTALL_NAME_BASE = "@rpath";
				ENABLE_MODULE_VERIFIER = YES;
				ENABLE_USER_SCRIPT_SANDBOXING = NO;
				GENERATE_INFOPLIST_FILE = YES;
				INFOPLIST_KEY_NSHumanReadableCopyright = "";
				INSTALL_PATH = "$(LOCAL_LIBRARY_DIR)/Frameworks";
				IPHONEOS_DEPLOYMENT_TARGET = 16.0;
				LD_RUNPATH_SEARCH_PATHS = (
					"$(inherited)",
					"@executable_path/Frameworks",
					"@loader_path/Frameworks",
				);
				MARKETING_VERSION = 1.0;
				MODULE_VERIFIER_SUPPORTED_LANGUAGES = "objective-c objective-c++";
				MODULE_VERIFIER_SUPPORTED_LANGUAGE_STANDARDS = "gnu17 gnu++20";
				PRODUCT_BUNDLE_IDENTIFIER = DocCoc.DocDesignSystem;
				PRODUCT_NAME = "$(TARGET_NAME:c99extidentifier)";
				SKIP_INSTALL = YES;
				SWIFT_EMIT_LOC_STRINGS = YES;
				SWIFT_INSTALL_OBJC_HEADER = NO;
				SWIFT_OPTIMIZATION_LEVEL = "-Onone";
				SWIFT_VERSION = 5.0;
				TARGETED_DEVICE_FAMILY = "1,2";
			};
			name = Debug;
		};
		73DA6FC42D57941D00BA8114 /* Release */ = {
			isa = XCBuildConfiguration;
			buildSettings = {
				BUILD_LIBRARY_FOR_DISTRIBUTION = NO;
				CLANG_ENABLE_MODULES = YES;
				CODE_SIGN_IDENTITY = "Apple Development";
				CODE_SIGN_STYLE = Automatic;
				CURRENT_PROJECT_VERSION = 1;
				DEFINES_MODULE = YES;
				DEVELOPMENT_TEAM = AWKSB6YK6X;
				DYLIB_COMPATIBILITY_VERSION = 1;
				DYLIB_CURRENT_VERSION = 1;
				DYLIB_INSTALL_NAME_BASE = "@rpath";
				ENABLE_MODULE_VERIFIER = YES;
				ENABLE_USER_SCRIPT_SANDBOXING = NO;
				GENERATE_INFOPLIST_FILE = YES;
				INFOPLIST_KEY_NSHumanReadableCopyright = "";
				INSTALL_PATH = "$(LOCAL_LIBRARY_DIR)/Frameworks";
				IPHONEOS_DEPLOYMENT_TARGET = 16.0;
				LD_RUNPATH_SEARCH_PATHS = (
					"$(inherited)",
					"@executable_path/Frameworks",
					"@loader_path/Frameworks",
				);
				MARKETING_VERSION = 1.0;
				MODULE_VERIFIER_SUPPORTED_LANGUAGES = "objective-c objective-c++";
				MODULE_VERIFIER_SUPPORTED_LANGUAGE_STANDARDS = "gnu17 gnu++20";
				PRODUCT_BUNDLE_IDENTIFIER = DocCoc.DocDesignSystem;
				PRODUCT_NAME = "$(TARGET_NAME:c99extidentifier)";
				SKIP_INSTALL = YES;
				SWIFT_EMIT_LOC_STRINGS = YES;
				SWIFT_INSTALL_OBJC_HEADER = NO;
				SWIFT_VERSION = 5.0;
				TARGETED_DEVICE_FAMILY = "1,2";
			};
			name = Release;
		};
		73DA6FC52D57941D00BA8114 /* Debug */ = {
			isa = XCBuildConfiguration;
			buildSettings = {
				ALWAYS_SEARCH_USER_PATHS = NO;
				ASSETCATALOG_COMPILER_GENERATE_SWIFT_ASSET_SYMBOL_EXTENSIONS = YES;
				CLANG_ANALYZER_LOCALIZABILITY_NONLOCALIZED = YES;
				CLANG_ANALYZER_NONNULL = YES;
				CLANG_ANALYZER_NUMBER_OBJECT_CONVERSION = YES_AGGRESSIVE;
				CLANG_CXX_LANGUAGE_STANDARD = "gnu++20";
				CLANG_ENABLE_MODULES = YES;
				CLANG_ENABLE_OBJC_ARC = YES;
				CLANG_ENABLE_OBJC_WEAK = YES;
				CLANG_WARN_BLOCK_CAPTURE_AUTORELEASING = YES;
				CLANG_WARN_BOOL_CONVERSION = YES;
				CLANG_WARN_COMMA = YES;
				CLANG_WARN_CONSTANT_CONVERSION = YES;
				CLANG_WARN_DEPRECATED_OBJC_IMPLEMENTATIONS = YES;
				CLANG_WARN_DIRECT_OBJC_ISA_USAGE = YES_ERROR;
				CLANG_WARN_DOCUMENTATION_COMMENTS = YES;
				CLANG_WARN_EMPTY_BODY = YES;
				CLANG_WARN_ENUM_CONVERSION = YES;
				CLANG_WARN_INFINITE_RECURSION = YES;
				CLANG_WARN_INT_CONVERSION = YES;
				CLANG_WARN_NON_LITERAL_NULL_CONVERSION = YES;
				CLANG_WARN_OBJC_IMPLICIT_RETAIN_SELF = YES;
				CLANG_WARN_OBJC_LITERAL_CONVERSION = YES;
				CLANG_WARN_OBJC_ROOT_CLASS = YES_ERROR;
				CLANG_WARN_QUOTED_INCLUDE_IN_FRAMEWORK_HEADER = YES;
				CLANG_WARN_RANGE_LOOP_ANALYSIS = YES;
				CLANG_WARN_STRICT_PROTOTYPES = YES;
				CLANG_WARN_SUSPICIOUS_MOVE = YES;
				CLANG_WARN_UNGUARDED_AVAILABILITY = YES_AGGRESSIVE;
				CLANG_WARN_UNREACHABLE_CODE = YES;
				CLANG_WARN__DUPLICATE_METHOD_MATCH = YES;
				COPY_PHASE_STRIP = NO;
				CURRENT_PROJECT_VERSION = 1;
				DEBUG_INFORMATION_FORMAT = dwarf;
				ENABLE_STRICT_OBJC_MSGSEND = YES;
				ENABLE_TESTABILITY = YES;
				ENABLE_USER_SCRIPT_SANDBOXING = YES;
				GCC_C_LANGUAGE_STANDARD = gnu17;
				GCC_DYNAMIC_NO_PIC = NO;
				GCC_NO_COMMON_BLOCKS = YES;
				GCC_OPTIMIZATION_LEVEL = 0;
				GCC_PREPROCESSOR_DEFINITIONS = (
					"DEBUG=1",
					"$(inherited)",
				);
				GCC_WARN_64_TO_32_BIT_CONVERSION = YES;
				GCC_WARN_ABOUT_RETURN_TYPE = YES_ERROR;
				GCC_WARN_UNDECLARED_SELECTOR = YES;
				GCC_WARN_UNINITIALIZED_AUTOS = YES_AGGRESSIVE;
				GCC_WARN_UNUSED_FUNCTION = YES;
				GCC_WARN_UNUSED_VARIABLE = YES;
				IPHONEOS_DEPLOYMENT_TARGET = 18.0;
				LOCALIZATION_PREFERS_STRING_CATALOGS = YES;
				MTL_ENABLE_DEBUG_INFO = INCLUDE_SOURCE;
				MTL_FAST_MATH = YES;
				ONLY_ACTIVE_ARCH = YES;
				SDKROOT = iphoneos;
				SWIFT_ACTIVE_COMPILATION_CONDITIONS = "DEBUG $(inherited)";
				SWIFT_OPTIMIZATION_LEVEL = "-Onone";
				VERSIONING_SYSTEM = "apple-generic";
				VERSION_INFO_PREFIX = "";
			};
			name = Debug;
		};
		73DA6FC62D57941D00BA8114 /* Release */ = {
			isa = XCBuildConfiguration;
			buildSettings = {
				ALWAYS_SEARCH_USER_PATHS = NO;
				ASSETCATALOG_COMPILER_GENERATE_SWIFT_ASSET_SYMBOL_EXTENSIONS = YES;
				CLANG_ANALYZER_LOCALIZABILITY_NONLOCALIZED = YES;
				CLANG_ANALYZER_NONNULL = YES;
				CLANG_ANALYZER_NUMBER_OBJECT_CONVERSION = YES_AGGRESSIVE;
				CLANG_CXX_LANGUAGE_STANDARD = "gnu++20";
				CLANG_ENABLE_MODULES = YES;
				CLANG_ENABLE_OBJC_ARC = YES;
				CLANG_ENABLE_OBJC_WEAK = YES;
				CLANG_WARN_BLOCK_CAPTURE_AUTORELEASING = YES;
				CLANG_WARN_BOOL_CONVERSION = YES;
				CLANG_WARN_COMMA = YES;
				CLANG_WARN_CONSTANT_CONVERSION = YES;
				CLANG_WARN_DEPRECATED_OBJC_IMPLEMENTATIONS = YES;
				CLANG_WARN_DIRECT_OBJC_ISA_USAGE = YES_ERROR;
				CLANG_WARN_DOCUMENTATION_COMMENTS = YES;
				CLANG_WARN_EMPTY_BODY = YES;
				CLANG_WARN_ENUM_CONVERSION = YES;
				CLANG_WARN_INFINITE_RECURSION = YES;
				CLANG_WARN_INT_CONVERSION = YES;
				CLANG_WARN_NON_LITERAL_NULL_CONVERSION = YES;
				CLANG_WARN_OBJC_IMPLICIT_RETAIN_SELF = YES;
				CLANG_WARN_OBJC_LITERAL_CONVERSION = YES;
				CLANG_WARN_OBJC_ROOT_CLASS = YES_ERROR;
				CLANG_WARN_QUOTED_INCLUDE_IN_FRAMEWORK_HEADER = YES;
				CLANG_WARN_RANGE_LOOP_ANALYSIS = YES;
				CLANG_WARN_STRICT_PROTOTYPES = YES;
				CLANG_WARN_SUSPICIOUS_MOVE = YES;
				CLANG_WARN_UNGUARDED_AVAILABILITY = YES_AGGRESSIVE;
				CLANG_WARN_UNREACHABLE_CODE = YES;
				CLANG_WARN__DUPLICATE_METHOD_MATCH = YES;
				COPY_PHASE_STRIP = NO;
				CURRENT_PROJECT_VERSION = 1;
				DEBUG_INFORMATION_FORMAT = "dwarf-with-dsym";
				ENABLE_NS_ASSERTIONS = NO;
				ENABLE_STRICT_OBJC_MSGSEND = YES;
				ENABLE_USER_SCRIPT_SANDBOXING = YES;
				GCC_C_LANGUAGE_STANDARD = gnu17;
				GCC_NO_COMMON_BLOCKS = YES;
				GCC_WARN_64_TO_32_BIT_CONVERSION = YES;
				GCC_WARN_ABOUT_RETURN_TYPE = YES_ERROR;
				GCC_WARN_UNDECLARED_SELECTOR = YES;
				GCC_WARN_UNINITIALIZED_AUTOS = YES_AGGRESSIVE;
				GCC_WARN_UNUSED_FUNCTION = YES;
				GCC_WARN_UNUSED_VARIABLE = YES;
				IPHONEOS_DEPLOYMENT_TARGET = 18.0;
				LOCALIZATION_PREFERS_STRING_CATALOGS = YES;
				MTL_ENABLE_DEBUG_INFO = NO;
				MTL_FAST_MATH = YES;
				SDKROOT = iphoneos;
				SWIFT_COMPILATION_MODE = wholemodule;
				VALIDATE_PRODUCT = YES;
				VERSIONING_SYSTEM = "apple-generic";
				VERSION_INFO_PREFIX = "";
			};
			name = Release;
		};
/* End XCBuildConfiguration section */

/* Begin XCConfigurationList section */
		73DA6FB62D57941D00BA8114 /* Build configuration list for PBXProject "DocDesignSystem" */ = {
			isa = XCConfigurationList;
			buildConfigurations = (
				73DA6FC52D57941D00BA8114 /* Debug */,
				73DA6FC62D57941D00BA8114 /* Release */,
			);
			defaultConfigurationIsVisible = 0;
			defaultConfigurationName = Release;
		};
		73DA6FC22D57941D00BA8114 /* Build configuration list for PBXNativeTarget "DocDesignSystem" */ = {
			isa = XCConfigurationList;
			buildConfigurations = (
				73DA6FC32D57941D00BA8114 /* Debug */,
				73DA6FC42D57941D00BA8114 /* Release */,
			);
			defaultConfigurationIsVisible = 0;
			defaultConfigurationName = Release;
		};
/* End XCConfigurationList section */
	};
	rootObject = 73DA6FB32D57941D00BA8114 /* Project object */;
}
